
Microsoft Visual Studio Solution File, Format Version 12.00
# Visual Studio 2013
VisualStudioVersion = 12.0.31101.0
MinimumVisualStudioVersion = 10.0.40219.1
Project("{8BC9CEB8-8B4A-11D0-8D11-00A0C91BC942}") = "GCO_Main", "GCO_Main\GCO_Main.vcxproj", "{3737636D-1DF7-43F2-B709-54843536D2D3}"
EndProject
Project("{8BC9CEB8-8B4A-11D0-8D11-00A0C91BC942}") = "GCO_HookDLL", "GCO_HookDLL\GCO_HookDLL.vcxproj", "{97D39BEF-7ED5-431C-871D-2357E30D455F}"
EndProject
Global
	GlobalSection(SolutionConfigurationPlatforms) = preSolution
		Debug|Win32 = Debug|Win32
		Release|Win32 = Release|Win32
	EndGlobalSection
	GlobalSection(ProjectConfigurationPlatforms) = postSolution
		{3737636D-1DF7-43F2-B709-54843536D2D3}.Debug|Win32.ActiveCfg = Debug|Win32
		{3737636D-1DF7-43F2-B709-54843536D2D3}.Debug|Win32.Build.0 = Debug|Win32
		{3737636D-1DF7-43F2-B709-54843536D2D3}.Release|Win32.ActiveCfg = Release|Win32
		{3737636D-1DF7-43F2-B709-54843536D2D3}.Release|Win32.Build.0 = Release|Win32
		{97D39BEF-7ED5-431C-871D-2357E30D455F}.Debug|Win32.ActiveCfg = Debug|Win32
		{97D39BEF-7ED5-431C-871D-2357E30D455F}.Debug|Win32.Build.0 = Debug|Win32
		{97D39BEF-7ED5-431C-871D-2357E30D455F}.Release|Win32.ActiveCfg = Release|Win32
		{97D39BEF-7ED5-431C-871D-2357E30D455F}.Release|Win32.Build.0 = Release|Win32
	EndGlobalSection
	GlobalSection(SolutionProperties) = preSolution
		HideSolutionNode = FALSE
	EndGlobalSection
EndGlobal
